
Microsoft Visual Studio Solution File, Format Version 12.00
# Visual Studio Version 17
VisualStudioVersion = 17.9.34622.214
MinimumVisualStudioVersion = 10.0.40219.1
Project("{FAE04EC0-301F-11D3-BF4B-00C04F79EFBC}") = "UnicornOverlord", "UnicornOverlord\UnicornOverlord.csproj", "{0A64CD60-8EE4-4C23-A55A-4C47463110D1}"
EndProject
Global
	GlobalSection(SolutionConfigurationPlatforms) = preSolution
		Debug|Any CPU = Debug|Any CPU
		Release|Any CPU = Release|Any CPU
	EndGlobalSection
	GlobalSection(ProjectConfigurationPlatforms) = postSolution
		{0A64CD60-8EE4-4C23-A55A-4C47463110D1}.Debug|Any CPU.ActiveCfg = Debug|Any CPU
		{0A64CD60-8EE4-4C23-A55A-4C47463110D1}.Debug|Any CPU.Build.0 = Debug|Any CPU
		{0A64CD60-8EE4-4C23-A55A-4C47463110D1}.Release|Any CPU.ActiveCfg = Release|Any CPU
		{0A64CD60-8EE4-4C23-A55A-4C47463110D1}.Release|Any CPU.Build.0 = Release|Any CPU
	EndGlobalSection
	GlobalSection(SolutionProperties) = preSolution
		HideSolutionNode = FALSE
	EndGlobalSection
	GlobalSection(ExtensibilityGlobals) = postSolution
		SolutionGuid = {EE27FDA4-6C55-4D21-B7F2-C1C0C81F5F14}
	EndGlobalSection
EndGlobal
